# Prisma Migrate lockfile v1

20200902124951-module
20200902141615-make-type-and-number-optional
20200902142044-type-and-number-adjustments
20200902144906-create-lesson
20200902190347-add-displaytitle
20200902193238-add-display-title-to-module
20200902193348-rename-display-title-field
20200902194251-rename-lesson-field
20200902200350-fix-typo-in-display-title
20200902225413-create-unit-model